
Microsoft Visual Studio Solution File, Format Version 12.00
# Visual Studio 15
VisualStudioVersion = 15.0.28010.2041
MinimumVisualStudioVersion = 10.0.40219.1
Project("{FAE04EC0-301F-11D3-BF4B-00C04F79EFBC}") = "Zad_4_Kasyno", "Zad_4_Kasyno\Zad_4_Kasyno.csproj", "{59DE10DE-F9B1-4BA2-940B-7A09B25A4C85}"
EndProject
Project("{FAE04EC0-301F-11D3-BF4B-00C04F79EFBC}") = "Data", "Data\Data.csproj", "{C7AD59FD-7771-4965-8321-40A28C2ABDA0}"
EndProject
Project("{FAE04EC0-301F-11D3-BF4B-00C04F79EFBC}") = "Service", "Service\Service.csproj", "{1CE321B8-D9A9-4BBD-B166-EF453B85C816}"
EndProject
Global
	GlobalSection(SolutionConfigurationPlatforms) = preSolution
		Debug|Any CPU = Debug|Any CPU
		Release|Any CPU = Release|Any CPU
	EndGlobalSection
	GlobalSection(ProjectConfigurationPlatforms) = postSolution
		{59DE10DE-F9B1-4BA2-940B-7A09B25A4C85}.Debug|Any CPU.ActiveCfg = Debug|Any CPU
		{59DE10DE-F9B1-4BA2-940B-7A09B25A4C85}.Debug|Any CPU.Build.0 = Debug|Any CPU
		{59DE10DE-F9B1-4BA2-940B-7A09B25A4C85}.Release|Any CPU.ActiveCfg = Release|Any CPU
		{59DE10DE-F9B1-4BA2-940B-7A09B25A4C85}.Release|Any CPU.Build.0 = Release|Any CPU
		{C7AD59FD-7771-4965-8321-40A28C2ABDA0}.Debug|Any CPU.ActiveCfg = Debug|Any CPU
		{C7AD59FD-7771-4965-8321-40A28C2ABDA0}.Debug|Any CPU.Build.0 = Debug|Any CPU
		{C7AD59FD-7771-4965-8321-40A28C2ABDA0}.Release|Any CPU.ActiveCfg = Release|Any CPU
		{C7AD59FD-7771-4965-8321-40A28C2ABDA0}.Release|Any CPU.Build.0 = Release|Any CPU
		{1CE321B8-D9A9-4BBD-B166-EF453B85C816}.Debug|Any CPU.ActiveCfg = Debug|Any CPU
		{1CE321B8-D9A9-4BBD-B166-EF453B85C816}.Debug|Any CPU.Build.0 = Debug|Any CPU
		{1CE321B8-D9A9-4BBD-B166-EF453B85C816}.Release|Any CPU.ActiveCfg = Release|Any CPU
		{1CE321B8-D9A9-4BBD-B166-EF453B85C816}.Release|Any CPU.Build.0 = Release|Any CPU
	EndGlobalSection
	GlobalSection(SolutionProperties) = preSolution
		HideSolutionNode = FALSE
	EndGlobalSection
	GlobalSection(ExtensibilityGlobals) = postSolution
		SolutionGuid = {967C47A3-BC5B-443A-A85F-EDAAF576F65E}
	EndGlobalSection
EndGlobal
